
Microsoft Visual Studio Solution File, Format Version 12.00
# Visual Studio 14
VisualStudioVersion = 14.0.25420.1
MinimumVisualStudioVersion = 10.0.40219.1
Project("{FAE04EC0-301F-11D3-BF4B-00C04F79EFBC}") = "AzureApp.Droid", "AzureApp\AzureApp.Droid\AzureApp.Droid.csproj", "{EB6D27DD-1C9B-4363-9A59-BC187008CB61}"
EndProject
Project("{FAE04EC0-301F-11D3-BF4B-00C04F79EFBC}") = "AzureApp.iOS", "AzureApp\AzureApp.iOS\AzureApp.iOS.csproj", "{0CC0A699-5738-4926-8250-A7873F958FEA}"
EndProject
Project("{FAE04EC0-301F-11D3-BF4B-00C04F79EFBC}") = "AzureApp", "AzureApp\AzureApp\AzureApp.csproj", "{9B21B771-8FFD-4A25-9630-1504341A2E98}"
EndProject
Project("{2150E333-8FDC-42A3-9474-1A3956D46DE8}") = "Mobile App", "Mobile App", "{E8B4A9D0-344A-47DA-ADC0-6C627FE8520A}"
EndProject
Project("{2150E333-8FDC-42A3-9474-1A3956D46DE8}") = "Web Api", "Web Api", "{70F20AFA-3517-4000-86D0-EF39966BA420}"
EndProject
Project("{FAE04EC0-301F-11D3-BF4B-00C04F79EFBC}") = "Azure.WebAPI", "AzureApp\AzureApp.WebAPI\Azure.WebAPI.csproj", "{5A5DD01B-F015-4E35-9D46-EBFACF79CB2C}"
EndProject
Global
	GlobalSection(SolutionConfigurationPlatforms) = preSolution
		Ad-Hoc|Any CPU = Ad-Hoc|Any CPU
		Ad-Hoc|ARM = Ad-Hoc|ARM
		Ad-Hoc|iPhone = Ad-Hoc|iPhone
		Ad-Hoc|iPhoneSimulator = Ad-Hoc|iPhoneSimulator
		Ad-Hoc|x64 = Ad-Hoc|x64
		Ad-Hoc|x86 = Ad-Hoc|x86
		AppStore|Any CPU = AppStore|Any CPU
		AppStore|ARM = AppStore|ARM
		AppStore|iPhone = AppStore|iPhone
		AppStore|iPhoneSimulator = AppStore|iPhoneSimulator
		AppStore|x64 = AppStore|x64
		AppStore|x86 = AppStore|x86
		Debug|Any CPU = Debug|Any CPU
		Debug|ARM = Debug|ARM
		Debug|iPhone = Debug|iPhone
		Debug|iPhoneSimulator = Debug|iPhoneSimulator
		Debug|x64 = Debug|x64
		Debug|x86 = Debug|x86
		Release|Any CPU = Release|Any CPU
		Release|ARM = Release|ARM
		Release|iPhone = Release|iPhone
		Release|iPhoneSimulator = Release|iPhoneSimulator
		Release|x64 = Release|x64
		Release|x86 = Release|x86
	EndGlobalSection
	GlobalSection(ProjectConfigurationPlatforms) = postSolution
		{EB6D27DD-1C9B-4363-9A59-BC187008CB61}.Ad-Hoc|Any CPU.ActiveCfg = Release|Any CPU
		{EB6D27DD-1C9B-4363-9A59-BC187008CB61}.Ad-Hoc|Any CPU.Build.0 = Release|Any CPU
		{EB6D27DD-1C9B-4363-9A59-BC187008CB61}.Ad-Hoc|Any CPU.Deploy.0 = Release|Any CPU
		{EB6D27DD-1C9B-4363-9A59-BC187008CB61}.Ad-Hoc|ARM.ActiveCfg = Release|Any CPU
		{EB6D27DD-1C9B-4363-9A59-BC187008CB61}.Ad-Hoc|ARM.Build.0 = Release|Any CPU
		{EB6D27DD-1C9B-4363-9A59-BC187008CB61}.Ad-Hoc|ARM.Deploy.0 = Release|Any CPU
		{EB6D27DD-1C9B-4363-9A59-BC187008CB61}.Ad-Hoc|iPhone.ActiveCfg = Release|Any CPU
		{EB6D27DD-1C9B-4363-9A59-BC187008CB61}.Ad-Hoc|iPhone.Build.0 = Release|Any CPU
		{EB6D27DD-1C9B-4363-9A59-BC187008CB61}.Ad-Hoc|iPhone.Deploy.0 = Release|Any CPU
		{EB6D27DD-1C9B-4363-9A59-BC187008CB61}.Ad-Hoc|iPhoneSimulator.ActiveCfg = Release|Any CPU
		{EB6D27DD-1C9B-4363-9A59-BC187008CB61}.Ad-Hoc|iPhoneSimulator.Build.0 = Release|Any CPU
		{EB6D27DD-1C9B-4363-9A59-BC187008CB61}.Ad-Hoc|iPhoneSimulator.Deploy.0 = Release|Any CPU
		{EB6D27DD-1C9B-4363-9A59-BC187008CB61}.Ad-Hoc|x64.ActiveCfg = Release|Any CPU
		{EB6D27DD-1C9B-4363-9A59-BC187008CB61}.Ad-Hoc|x64.Build.0 = Release|Any CPU
		{EB6D27DD-1C9B-4363-9A59-BC187008CB61}.Ad-Hoc|x64.Deploy.0 = Release|Any CPU
		{EB6D27DD-1C9B-4363-9A59-BC187008CB61}.Ad-Hoc|x86.ActiveCfg = Release|Any CPU
		{EB6D27DD-1C9B-4363-9A59-BC187008CB61}.Ad-Hoc|x86.Build.0 = Release|Any CPU
		{EB6D27DD-1C9B-4363-9A59-BC187008CB61}.Ad-Hoc|x86.Deploy.0 = Release|Any CPU
		{EB6D27DD-1C9B-4363-9A59-BC187008CB61}.AppStore|Any CPU.ActiveCfg = Release|Any CPU
		{EB6D27DD-1C9B-4363-9A59-BC187008CB61}.AppStore|Any CPU.Build.0 = Release|Any CPU
		{EB6D27DD-1C9B-4363-9A59-BC187008CB61}.AppStore|Any CPU.Deploy.0 = Release|Any CPU
		{EB6D27DD-1C9B-4363-9A59-BC187008CB61}.AppStore|ARM.ActiveCfg = Release|Any CPU
		{EB6D27DD-1C9B-4363-9A59-BC187008CB61}.AppStore|ARM.Build.0 = Release|Any CPU
		{EB6D27DD-1C9B-4363-9A59-BC187008CB61}.AppStore|ARM.Deploy.0 = Release|Any CPU
		{EB6D27DD-1C9B-4363-9A59-BC187008CB61}.AppStore|iPhone.ActiveCfg = Release|Any CPU
		{EB6D27DD-1C9B-4363-9A59-BC187008CB61}.AppStore|iPhone.Build.0 = Release|Any CPU
		{EB6D27DD-1C9B-4363-9A59-BC187008CB61}.AppStore|iPhone.Deploy.0 = Release|Any CPU
		{EB6D27DD-1C9B-4363-9A59-BC187008CB61}.AppStore|iPhoneSimulator.ActiveCfg = Release|Any CPU
		{EB6D27DD-1C9B-4363-9A59-BC187008CB61}.AppStore|iPhoneSimulator.Build.0 = Release|Any CPU
		{EB6D27DD-1C9B-4363-9A59-BC187008CB61}.AppStore|iPhoneSimulator.Deploy.0 = Release|Any CPU
		{EB6D27DD-1C9B-4363-9A59-BC187008CB61}.AppStore|x64.ActiveCfg = Release|Any CPU
		{EB6D27DD-1C9B-4363-9A59-BC187008CB61}.AppStore|x64.Build.0 = Release|Any CPU
		{EB6D27DD-1C9B-4363-9A59-BC187008CB61}.AppStore|x64.Deploy.0 = Release|Any CPU
		{EB6D27DD-1C9B-4363-9A59-BC187008CB61}.AppStore|x86.ActiveCfg = Release|Any CPU
		{EB6D27DD-1C9B-4363-9A59-BC187008CB61}.AppStore|x86.Build.0 = Release|Any CPU
		{EB6D27DD-1C9B-4363-9A59-BC187008CB61}.AppStore|x86.Deploy.0 = Release|Any CPU
		{EB6D27DD-1C9B-4363-9A59-BC187008CB61}.Debug|Any CPU.ActiveCfg = Debug|Any CPU
		{EB6D27DD-1C9B-4363-9A59-BC187008CB61}.Debug|Any CPU.Build.0 = Debug|Any CPU
		{EB6D27DD-1C9B-4363-9A59-BC187008CB61}.Debug|Any CPU.Deploy.0 = Debug|Any CPU
		{EB6D27DD-1C9B-4363-9A59-BC187008CB61}.Debug|ARM.ActiveCfg = Debug|Any CPU
		{EB6D27DD-1C9B-4363-9A59-BC187008CB61}.Debug|ARM.Build.0 = Debug|Any CPU
		{EB6D27DD-1C9B-4363-9A59-BC187008CB61}.Debug|ARM.Deploy.0 = Debug|Any CPU
		{EB6D27DD-1C9B-4363-9A59-BC187008CB61}.Debug|iPhone.ActiveCfg = Debug|Any CPU
		{EB6D27DD-1C9B-4363-9A59-BC187008CB61}.Debug|iPhone.Build.0 = Debug|Any CPU
		{EB6D27DD-1C9B-4363-9A59-BC187008CB61}.Debug|iPhone.Deploy.0 = Debug|Any CPU
		{EB6D27DD-1C9B-4363-9A59-BC187008CB61}.Debug|iPhoneSimulator.ActiveCfg = Debug|Any CPU
		{EB6D27DD-1C9B-4363-9A59-BC187008CB61}.Debug|iPhoneSimulator.Build.0 = Debug|Any CPU
		{EB6D27DD-1C9B-4363-9A59-BC187008CB61}.Debug|iPhoneSimulator.Deploy.0 = Debug|Any CPU
		{EB6D27DD-1C9B-4363-9A59-BC187008CB61}.Debug|x64.ActiveCfg = Debug|Any CPU
		{EB6D27DD-1C9B-4363-9A59-BC187008CB61}.Debug|x64.Build.0 = Debug|Any CPU
		{EB6D27DD-1C9B-4363-9A59-BC187008CB61}.Debug|x64.Deploy.0 = Debug|Any CPU
		{EB6D27DD-1C9B-4363-9A59-BC187008CB61}.Debug|x86.ActiveCfg = Debug|Any CPU
		{EB6D27DD-1C9B-4363-9A59-BC187008CB61}.Debug|x86.Build.0 = Debug|Any CPU
		{EB6D27DD-1C9B-4363-9A59-BC187008CB61}.Debug|x86.Deploy.0 = Debug|Any CPU
		{EB6D27DD-1C9B-4363-9A59-BC187008CB61}.Release|Any CPU.ActiveCfg = Release|Any CPU
		{EB6D27DD-1C9B-4363-9A59-BC187008CB61}.Release|Any CPU.Build.0 = Release|Any CPU
		{EB6D27DD-1C9B-4363-9A59-BC187008CB61}.Release|Any CPU.Deploy.0 = Release|Any CPU
		{EB6D27DD-1C9B-4363-9A59-BC187008CB61}.Release|ARM.ActiveCfg = Release|Any CPU
		{EB6D27DD-1C9B-4363-9A59-BC187008CB61}.Release|ARM.Build.0 = Release|Any CPU
		{EB6D27DD-1C9B-4363-9A59-BC187008CB61}.Release|ARM.Deploy.0 = Release|Any CPU
		{EB6D27DD-1C9B-4363-9A59-BC187008CB61}.Release|iPhone.ActiveCfg = Release|Any CPU
		{EB6D27DD-1C9B-4363-9A59-BC187008CB61}.Release|iPhone.Build.0 = Release|Any CPU
		{EB6D27DD-1C9B-4363-9A59-BC187008CB61}.Release|iPhone.Deploy.0 = Release|Any CPU
		{EB6D27DD-1C9B-4363-9A59-BC187008CB61}.Release|iPhoneSimulator.ActiveCfg = Release|Any CPU
		{EB6D27DD-1C9B-4363-9A59-BC187008CB61}.Release|iPhoneSimulator.Build.0 = Release|Any CPU
		{EB6D27DD-1C9B-4363-9A59-BC187008CB61}.Release|iPhoneSimulator.Deploy.0 = Release|Any CPU
		{EB6D27DD-1C9B-4363-9A59-BC187008CB61}.Release|x64.ActiveCfg = Release|Any CPU
		{EB6D27DD-1C9B-4363-9A59-BC187008CB61}.Release|x64.Build.0 = Release|Any CPU
		{EB6D27DD-1C9B-4363-9A59-BC187008CB61}.Release|x64.Deploy.0 = Release|Any CPU
		{EB6D27DD-1C9B-4363-9A59-BC187008CB61}.Release|x86.ActiveCfg = Release|Any CPU
		{EB6D27DD-1C9B-4363-9A59-BC187008CB61}.Release|x86.Build.0 = Release|Any CPU
		{EB6D27DD-1C9B-4363-9A59-BC187008CB61}.Release|x86.Deploy.0 = Release|Any CPU
		{0CC0A699-5738-4926-8250-A7873F958FEA}.Ad-Hoc|Any CPU.ActiveCfg = Ad-Hoc|iPhone
		{0CC0A699-5738-4926-8250-A7873F958FEA}.Ad-Hoc|ARM.ActiveCfg = Ad-Hoc|iPhone
		{0CC0A699-5738-4926-8250-A7873F958FEA}.Ad-Hoc|iPhone.ActiveCfg = Ad-Hoc|iPhone
		{0CC0A699-5738-4926-8250-A7873F958FEA}.Ad-Hoc|iPhone.Build.0 = Ad-Hoc|iPhone
		{0CC0A699-5738-4926-8250-A7873F958FEA}.Ad-Hoc|iPhoneSimulator.ActiveCfg = Ad-Hoc|iPhoneSimulator
		{0CC0A699-5738-4926-8250-A7873F958FEA}.Ad-Hoc|iPhoneSimulator.Build.0 = Ad-Hoc|iPhoneSimulator
		{0CC0A699-5738-4926-8250-A7873F958FEA}.Ad-Hoc|x64.ActiveCfg = Ad-Hoc|iPhone
		{0CC0A699-5738-4926-8250-A7873F958FEA}.Ad-Hoc|x86.ActiveCfg = Ad-Hoc|iPhone
		{0CC0A699-5738-4926-8250-A7873F958FEA}.AppStore|Any CPU.ActiveCfg = AppStore|iPhone
		{0CC0A699-5738-4926-8250-A7873F958FEA}.AppStore|ARM.ActiveCfg = AppStore|iPhone
		{0CC0A699-5738-4926-8250-A7873F958FEA}.AppStore|iPhone.ActiveCfg = AppStore|iPhone
		{0CC0A699-5738-4926-8250-A7873F958FEA}.AppStore|iPhone.Build.0 = AppStore|iPhone
		{0CC0A699-5738-4926-8250-A7873F958FEA}.AppStore|iPhoneSimulator.ActiveCfg = AppStore|iPhoneSimulator
		{0CC0A699-5738-4926-8250-A7873F958FEA}.AppStore|iPhoneSimulator.Build.0 = AppStore|iPhoneSimulator
		{0CC0A699-5738-4926-8250-A7873F958FEA}.AppStore|x64.ActiveCfg = AppStore|iPhone
		{0CC0A699-5738-4926-8250-A7873F958FEA}.AppStore|x86.ActiveCfg = AppStore|iPhone
		{0CC0A699-5738-4926-8250-A7873F958FEA}.Debug|Any CPU.ActiveCfg = Debug|iPhone
		{0CC0A699-5738-4926-8250-A7873F958FEA}.Debug|ARM.ActiveCfg = Debug|iPhone
		{0CC0A699-5738-4926-8250-A7873F958FEA}.Debug|iPhone.ActiveCfg = Debug|iPhone
		{0CC0A699-5738-4926-8250-A7873F958FEA}.Debug|iPhone.Build.0 = Debug|iPhone
		{0CC0A699-5738-4926-8250-A7873F958FEA}.Debug|iPhoneSimulator.ActiveCfg = Debug|iPhoneSimulator
		{0CC0A699-5738-4926-8250-A7873F958FEA}.Debug|iPhoneSimulator.Build.0 = Debug|iPhoneSimulator
		{0CC0A699-5738-4926-8250-A7873F958FEA}.Debug|x64.ActiveCfg = Debug|iPhone
		{0CC0A699-5738-4926-8250-A7873F958FEA}.Debug|x86.ActiveCfg = Debug|iPhone
		{0CC0A699-5738-4926-8250-A7873F958FEA}.Release|Any CPU.ActiveCfg = Release|iPhone
		{0CC0A699-5738-4926-8250-A7873F958FEA}.Release|ARM.ActiveCfg = Release|iPhone
		{0CC0A699-5738-4926-8250-A7873F958FEA}.Release|iPhone.ActiveCfg = Release|iPhone
		{0CC0A699-5738-4926-8250-A7873F958FEA}.Release|iPhone.Build.0 = Release|iPhone
		{0CC0A699-5738-4926-8250-A7873F958FEA}.Release|iPhoneSimulator.ActiveCfg = Release|iPhoneSimulator
		{0CC0A699-5738-4926-8250-A7873F958FEA}.Release|iPhoneSimulator.Build.0 = Release|iPhoneSimulator
		{0CC0A699-5738-4926-8250-A7873F958FEA}.Release|x64.ActiveCfg = Release|iPhone
		{0CC0A699-5738-4926-8250-A7873F958FEA}.Release|x86.ActiveCfg = Release|iPhone
		{9B21B771-8FFD-4A25-9630-1504341A2E98}.Ad-Hoc|Any CPU.ActiveCfg = Release|Any CPU
		{9B21B771-8FFD-4A25-9630-1504341A2E98}.Ad-Hoc|Any CPU.Build.0 = Release|Any CPU
		{9B21B771-8FFD-4A25-9630-1504341A2E98}.Ad-Hoc|ARM.ActiveCfg = Release|Any CPU
		{9B21B771-8FFD-4A25-9630-1504341A2E98}.Ad-Hoc|ARM.Build.0 = Release|Any CPU
		{9B21B771-8FFD-4A25-9630-1504341A2E98}.Ad-Hoc|iPhone.ActiveCfg = Release|Any CPU
		{9B21B771-8FFD-4A25-9630-1504341A2E98}.Ad-Hoc|iPhone.Build.0 = Release|Any CPU
		{9B21B771-8FFD-4A25-9630-1504341A2E98}.Ad-Hoc|iPhoneSimulator.ActiveCfg = Release|Any CPU
		{9B21B771-8FFD-4A25-9630-1504341A2E98}.Ad-Hoc|iPhoneSimulator.Build.0 = Release|Any CPU
		{9B21B771-8FFD-4A25-9630-1504341A2E98}.Ad-Hoc|x64.ActiveCfg = Release|Any CPU
		{9B21B771-8FFD-4A25-9630-1504341A2E98}.Ad-Hoc|x64.Build.0 = Release|Any CPU
		{9B21B771-8FFD-4A25-9630-1504341A2E98}.Ad-Hoc|x86.ActiveCfg = Release|Any CPU
		{9B21B771-8FFD-4A25-9630-1504341A2E98}.Ad-Hoc|x86.Build.0 = Release|Any CPU
		{9B21B771-8FFD-4A25-9630-1504341A2E98}.AppStore|Any CPU.ActiveCfg = Release|Any CPU
		{9B21B771-8FFD-4A25-9630-1504341A2E98}.AppStore|Any CPU.Build.0 = Release|Any CPU
		{9B21B771-8FFD-4A25-9630-1504341A2E98}.AppStore|ARM.ActiveCfg = Release|Any CPU
		{9B21B771-8FFD-4A25-9630-1504341A2E98}.AppStore|ARM.Build.0 = Release|Any CPU
		{9B21B771-8FFD-4A25-9630-1504341A2E98}.AppStore|iPhone.ActiveCfg = Release|Any CPU
		{9B21B771-8FFD-4A25-9630-1504341A2E98}.AppStore|iPhone.Build.0 = Release|Any CPU
		{9B21B771-8FFD-4A25-9630-1504341A2E98}.AppStore|iPhoneSimulator.ActiveCfg = Release|Any CPU
		{9B21B771-8FFD-4A25-9630-1504341A2E98}.AppStore|iPhoneSimulator.Build.0 = Release|Any CPU
		{9B21B771-8FFD-4A25-9630-1504341A2E98}.AppStore|x64.ActiveCfg = Release|Any CPU
		{9B21B771-8FFD-4A25-9630-1504341A2E98}.AppStore|x64.Build.0 = Release|Any CPU
		{9B21B771-8FFD-4A25-9630-1504341A2E98}.AppStore|x86.ActiveCfg = Release|Any CPU
		{9B21B771-8FFD-4A25-9630-1504341A2E98}.AppStore|x86.Build.0 = Release|Any CPU
		{9B21B771-8FFD-4A25-9630-1504341A2E98}.Debug|Any CPU.ActiveCfg = Debug|Any CPU
		{9B21B771-8FFD-4A25-9630-1504341A2E98}.Debug|Any CPU.Build.0 = Debug|Any CPU
		{9B21B771-8FFD-4A25-9630-1504341A2E98}.Debug|ARM.ActiveCfg = Debug|Any CPU
		{9B21B771-8FFD-4A25-9630-1504341A2E98}.Debug|ARM.Build.0 = Debug|Any CPU
		{9B21B771-8FFD-4A25-9630-1504341A2E98}.Debug|iPhone.ActiveCfg = Debug|Any CPU
		{9B21B771-8FFD-4A25-9630-1504341A2E98}.Debug|iPhone.Build.0 = Debug|Any CPU
		{9B21B771-8FFD-4A25-9630-1504341A2E98}.Debug|iPhoneSimulator.ActiveCfg = Debug|Any CPU
		{9B21B771-8FFD-4A25-9630-1504341A2E98}.Debug|iPhoneSimulator.Build.0 = Debug|Any CPU
		{9B21B771-8FFD-4A25-9630-1504341A2E98}.Debug|x64.ActiveCfg = Debug|Any CPU
		{9B21B771-8FFD-4A25-9630-1504341A2E98}.Debug|x64.Build.0 = Debug|Any CPU
		{9B21B771-8FFD-4A25-9630-1504341A2E98}.Debug|x86.ActiveCfg = Debug|Any CPU
		{9B21B771-8FFD-4A25-9630-1504341A2E98}.Debug|x86.Build.0 = Debug|Any CPU
		{9B21B771-8FFD-4A25-9630-1504341A2E98}.Release|Any CPU.ActiveCfg = Release|Any CPU
		{9B21B771-8FFD-4A25-9630-1504341A2E98}.Release|Any CPU.Build.0 = Release|Any CPU
		{9B21B771-8FFD-4A25-9630-1504341A2E98}.Release|ARM.ActiveCfg = Release|Any CPU
		{9B21B771-8FFD-4A25-9630-1504341A2E98}.Release|ARM.Build.0 = Release|Any CPU
		{9B21B771-8FFD-4A25-9630-1504341A2E98}.Release|iPhone.ActiveCfg = Release|Any CPU
		{9B21B771-8FFD-4A25-9630-1504341A2E98}.Release|iPhone.Build.0 = Release|Any CPU
		{9B21B771-8FFD-4A25-9630-1504341A2E98}.Release|iPhoneSimulator.ActiveCfg = Release|Any CPU
		{9B21B771-8FFD-4A25-9630-1504341A2E98}.Release|iPhoneSimulator.Build.0 = Release|Any CPU
		{9B21B771-8FFD-4A25-9630-1504341A2E98}.Release|x64.ActiveCfg = Release|Any CPU
		{9B21B771-8FFD-4A25-9630-1504341A2E98}.Release|x64.Build.0 = Release|Any CPU
		{9B21B771-8FFD-4A25-9630-1504341A2E98}.Release|x86.ActiveCfg = Release|Any CPU
		{9B21B771-8FFD-4A25-9630-1504341A2E98}.Release|x86.Build.0 = Release|Any CPU
		{5A5DD01B-F015-4E35-9D46-EBFACF79CB2C}.Ad-Hoc|Any CPU.ActiveCfg = Release|Any CPU
		{5A5DD01B-F015-4E35-9D46-EBFACF79CB2C}.Ad-Hoc|Any CPU.Build.0 = Release|Any CPU
		{5A5DD01B-F015-4E35-9D46-EBFACF79CB2C}.Ad-Hoc|ARM.ActiveCfg = Release|Any CPU
		{5A5DD01B-F015-4E35-9D46-EBFACF79CB2C}.Ad-Hoc|ARM.Build.0 = Release|Any CPU
		{5A5DD01B-F015-4E35-9D46-EBFACF79CB2C}.Ad-Hoc|iPhone.ActiveCfg = Release|Any CPU
		{5A5DD01B-F015-4E35-9D46-EBFACF79CB2C}.Ad-Hoc|iPhone.Build.0 = Release|Any CPU
		{5A5DD01B-F015-4E35-9D46-EBFACF79CB2C}.Ad-Hoc|iPhoneSimulator.ActiveCfg = Release|Any CPU
		{5A5DD01B-F015-4E35-9D46-EBFACF79CB2C}.Ad-Hoc|iPhoneSimulator.Build.0 = Release|Any CPU
		{5A5DD01B-F015-4E35-9D46-EBFACF79CB2C}.Ad-Hoc|x64.ActiveCfg = Release|Any CPU
		{5A5DD01B-F015-4E35-9D46-EBFACF79CB2C}.Ad-Hoc|x64.Build.0 = Release|Any CPU
		{5A5DD01B-F015-4E35-9D46-EBFACF79CB2C}.Ad-Hoc|x86.ActiveCfg = Release|Any CPU
		{5A5DD01B-F015-4E35-9D46-EBFACF79CB2C}.Ad-Hoc|x86.Build.0 = Release|Any CPU
		{5A5DD01B-F015-4E35-9D46-EBFACF79CB2C}.AppStore|Any CPU.ActiveCfg = Release|Any CPU
		{5A5DD01B-F015-4E35-9D46-EBFACF79CB2C}.AppStore|Any CPU.Build.0 = Release|Any CPU
		{5A5DD01B-F015-4E35-9D46-EBFACF79CB2C}.AppStore|ARM.ActiveCfg = Release|Any CPU
		{5A5DD01B-F015-4E35-9D46-EBFACF79CB2C}.AppStore|ARM.Build.0 = Release|Any CPU
		{5A5DD01B-F015-4E35-9D46-EBFACF79CB2C}.AppStore|iPhone.ActiveCfg = Release|Any CPU
		{5A5DD01B-F015-4E35-9D46-EBFACF79CB2C}.AppStore|iPhone.Build.0 = Release|Any CPU
		{5A5DD01B-F015-4E35-9D46-EBFACF79CB2C}.AppStore|iPhoneSimulator.ActiveCfg = Release|Any CPU
		{5A5DD01B-F015-4E35-9D46-EBFACF79CB2C}.AppStore|iPhoneSimulator.Build.0 = Release|Any CPU
		{5A5DD01B-F015-4E35-9D46-EBFACF79CB2C}.AppStore|x64.ActiveCfg = Release|Any CPU
		{5A5DD01B-F015-4E35-9D46-EBFACF79CB2C}.AppStore|x64.Build.0 = Release|Any CPU
		{5A5DD01B-F015-4E35-9D46-EBFACF79CB2C}.AppStore|x86.ActiveCfg = Release|Any CPU
		{5A5DD01B-F015-4E35-9D46-EBFACF79CB2C}.AppStore|x86.Build.0 = Release|Any CPU
		{5A5DD01B-F015-4E35-9D46-EBFACF79CB2C}.Debug|Any CPU.ActiveCfg = Debug|Any CPU
		{5A5DD01B-F015-4E35-9D46-EBFACF79CB2C}.Debug|Any CPU.Build.0 = Debug|Any CPU
		{5A5DD01B-F015-4E35-9D46-EBFACF79CB2C}.Debug|ARM.ActiveCfg = Debug|Any CPU
		{5A5DD01B-F015-4E35-9D46-EBFACF79CB2C}.Debug|ARM.Build.0 = Debug|Any CPU
		{5A5DD01B-F015-4E35-9D46-EBFACF79CB2C}.Debug|iPhone.ActiveCfg = Debug|Any CPU
		{5A5DD01B-F015-4E35-9D46-EBFACF79CB2C}.Debug|iPhone.Build.0 = Debug|Any CPU
		{5A5DD01B-F015-4E35-9D46-EBFACF79CB2C}.Debug|iPhoneSimulator.ActiveCfg = Debug|Any CPU
		{5A5DD01B-F015-4E35-9D46-EBFACF79CB2C}.Debug|iPhoneSimulator.Build.0 = Debug|Any CPU
		{5A5DD01B-F015-4E35-9D46-EBFACF79CB2C}.Debug|x64.ActiveCfg = Debug|Any CPU
		{5A5DD01B-F015-4E35-9D46-EBFACF79CB2C}.Debug|x64.Build.0 = Debug|Any CPU
		{5A5DD01B-F015-4E35-9D46-EBFACF79CB2C}.Debug|x86.ActiveCfg = Debug|Any CPU
		{5A5DD01B-F015-4E35-9D46-EBFACF79CB2C}.Debug|x86.Build.0 = Debug|Any CPU
		{5A5DD01B-F015-4E35-9D46-EBFACF79CB2C}.Release|Any CPU.ActiveCfg = Release|Any CPU
		{5A5DD01B-F015-4E35-9D46-EBFACF79CB2C}.Release|Any CPU.Build.0 = Release|Any CPU
		{5A5DD01B-F015-4E35-9D46-EBFACF79CB2C}.Release|ARM.ActiveCfg = Release|Any CPU
		{5A5DD01B-F015-4E35-9D46-EBFACF79CB2C}.Release|ARM.Build.0 = Release|Any CPU
		{5A5DD01B-F015-4E35-9D46-EBFACF79CB2C}.Release|iPhone.ActiveCfg = Release|Any CPU
		{5A5DD01B-F015-4E35-9D46-EBFACF79CB2C}.Release|iPhone.Build.0 = Release|Any CPU
		{5A5DD01B-F015-4E35-9D46-EBFACF79CB2C}.Release|iPhoneSimulator.ActiveCfg = Release|Any CPU
		{5A5DD01B-F015-4E35-9D46-EBFACF79CB2C}.Release|iPhoneSimulator.Build.0 = Release|Any CPU
		{5A5DD01B-F015-4E35-9D46-EBFACF79CB2C}.Release|x64.ActiveCfg = Release|Any CPU
		{5A5DD01B-F015-4E35-9D46-EBFACF79CB2C}.Release|x64.Build.0 = Release|Any CPU
		{5A5DD01B-F015-4E35-9D46-EBFACF79CB2C}.Release|x86.ActiveCfg = Release|Any CPU
		{5A5DD01B-F015-4E35-9D46-EBFACF79CB2C}.Release|x86.Build.0 = Release|Any CPU
	EndGlobalSection
	GlobalSection(SolutionProperties) = preSolution
		HideSolutionNode = FALSE
	EndGlobalSection
	GlobalSection(NestedProjects) = preSolution
		{EB6D27DD-1C9B-4363-9A59-BC187008CB61} = {E8B4A9D0-344A-47DA-ADC0-6C627FE8520A}
		{0CC0A699-5738-4926-8250-A7873F958FEA} = {E8B4A9D0-344A-47DA-ADC0-6C627FE8520A}
		{9B21B771-8FFD-4A25-9630-1504341A2E98} = {E8B4A9D0-344A-47DA-ADC0-6C627FE8520A}
		{5A5DD01B-F015-4E35-9D46-EBFACF79CB2C} = {70F20AFA-3517-4000-86D0-EF39966BA420}
	EndGlobalSection
EndGlobal
